{
  "name": "market_app_package",
  "version": "1.0.0",
  "lockfileVersion": 1,
  "requires": true,
  "dependencies": {
    "pathseg": {
      "version": "1.2.0",
      "resolved": "https://registry.npmjs.org/pathseg/-/pathseg-1.2.0.tgz",
      "integrity": "sha512-+pQS7lTaoVIXhaCW7R3Wd/165APzZHWzYVqe7dxzdupxQwebgpBaCmf0/XZwmoA/rkDq3qvzO0qv4d5oFVrBRw=="
    },
    "tslib": {
      "version": "1.13.0",
      "resolved": "https://registry.npmjs.org/tslib/-/tslib-1.13.0.tgz",
      "integrity": "sha512-i/6DQjL8Xf3be4K/E6Wgpekn5Qasl1usyw++dAA35Ue5orEn65VIxOA+YvNNl9HV3qv70T7CNwjODHZrLwvd1Q=="
    },
    "tsparticles": {
      "version": "1.14.1",
      "resolved": "https://registry.npmjs.org/tsparticles/-/tsparticles-1.14.1.tgz",
      "integrity": "sha512-uJQ1lpCWionf4I6FIV6fOAiZ5wsU68s/uueD+xZ5cGWdc9lAqN8WctxtkFNT/BxV9CUMD3NM+8ClLWjA5PH0Dw==",
      "requires": {
        "pathseg": "^1.2.0",
        "tslib": "^1.11.2"
      }
    }
  }
}
